
Microsoft Visual Studio Solution File, Format Version 12.00
# Visual Studio 14
VisualStudioVersion = 14.0.25420.1
MinimumVisualStudioVersion = 10.0.40219.1
Project("{FAE04EC0-301F-11D3-BF4B-00C04F79EFBC}") = "XCode.Main", "XCode.Main\XCode.Main.csproj", "{BDDCB620-A143-4A09-BDF5-E6E06D980DAD}"
EndProject
Project("{FAE04EC0-301F-11D3-BF4B-00C04F79EFBC}") = "XCode.Framework", "XCode.Framework\XCode.Framework.csproj", "{5B35B777-684F-47FC-BF2D-9E967D5D3ACF}"
EndProject
Project("{2150E333-8FDC-42A3-9474-1A3956D46DE8}") = "XCode.Modules", "XCode.Modules", "{8D5FCEFC-67F1-4DBC-A8EA-7AEA5053137C}"
EndProject
Project("{FAE04EC0-301F-11D3-BF4B-00C04F79EFBC}") = "XCode.Module.ChickenSoup", "XCode.Modules\XCode.Module.ChickenSoup\XCode.Module.ChickenSoup.csproj", "{AD56642A-694A-4991-A77B-3DF04916E91A}"
EndProject
Project("{FAE04EC0-301F-11D3-BF4B-00C04F79EFBC}") = "XCode.Common", "XCode.Common\XCode.Common.csproj", "{368BC927-B761-4975-896D-2752854DCBEF}"
EndProject
Global
	GlobalSection(SolutionConfigurationPlatforms) = preSolution
		Debug|Any CPU = Debug|Any CPU
		Release|Any CPU = Release|Any CPU
	EndGlobalSection
	GlobalSection(ProjectConfigurationPlatforms) = postSolution
		{BDDCB620-A143-4A09-BDF5-E6E06D980DAD}.Debug|Any CPU.ActiveCfg = Debug|Any CPU
		{BDDCB620-A143-4A09-BDF5-E6E06D980DAD}.Debug|Any CPU.Build.0 = Debug|Any CPU
		{BDDCB620-A143-4A09-BDF5-E6E06D980DAD}.Release|Any CPU.ActiveCfg = Release|Any CPU
		{BDDCB620-A143-4A09-BDF5-E6E06D980DAD}.Release|Any CPU.Build.0 = Release|Any CPU
		{5B35B777-684F-47FC-BF2D-9E967D5D3ACF}.Debug|Any CPU.ActiveCfg = Debug|Any CPU
		{5B35B777-684F-47FC-BF2D-9E967D5D3ACF}.Debug|Any CPU.Build.0 = Debug|Any CPU
		{5B35B777-684F-47FC-BF2D-9E967D5D3ACF}.Release|Any CPU.ActiveCfg = Release|Any CPU
		{5B35B777-684F-47FC-BF2D-9E967D5D3ACF}.Release|Any CPU.Build.0 = Release|Any CPU
		{AD56642A-694A-4991-A77B-3DF04916E91A}.Debug|Any CPU.ActiveCfg = Debug|Any CPU
		{AD56642A-694A-4991-A77B-3DF04916E91A}.Debug|Any CPU.Build.0 = Debug|Any CPU
		{AD56642A-694A-4991-A77B-3DF04916E91A}.Release|Any CPU.ActiveCfg = Release|Any CPU
		{AD56642A-694A-4991-A77B-3DF04916E91A}.Release|Any CPU.Build.0 = Release|Any CPU
		{368BC927-B761-4975-896D-2752854DCBEF}.Debug|Any CPU.ActiveCfg = Debug|Any CPU
		{368BC927-B761-4975-896D-2752854DCBEF}.Debug|Any CPU.Build.0 = Debug|Any CPU
		{368BC927-B761-4975-896D-2752854DCBEF}.Release|Any CPU.ActiveCfg = Release|Any CPU
		{368BC927-B761-4975-896D-2752854DCBEF}.Release|Any CPU.Build.0 = Release|Any CPU
	EndGlobalSection
	GlobalSection(SolutionProperties) = preSolution
		HideSolutionNode = FALSE
	EndGlobalSection
	GlobalSection(NestedProjects) = preSolution
		{AD56642A-694A-4991-A77B-3DF04916E91A} = {8D5FCEFC-67F1-4DBC-A8EA-7AEA5053137C}
	EndGlobalSection
EndGlobal
